
Microsoft Visual Studio Solution File, Format Version 12.00
# Visual Studio 15
VisualStudioVersion = 15.0.27004.2009
MinimumVisualStudioVersion = 10.0.40219.1
Project("{D954291E-2A0B-460D-934E-DC6B0785DB48}") = "HolisticWare.Core.Linq", "HolisticWare.Core.Linq\HolisticWare.Core.Linq.shproj", "{57B0EB28-7B4E-410D-B021-0DC9D719C11F}"
EndProject
Project("{9A19103F-16F7-4668-BE54-9A1E7A4F7556}") = "HolisticWare.Core.Linq.NetStandard11", "HolisticWare.Core.Linq.NetStandard11\HolisticWare.Core.Linq.NetStandard11.csproj", "{C7AC153E-49ED-4B1D-95B4-A02916A1470D}"
EndProject
Project("{9A19103F-16F7-4668-BE54-9A1E7A4F7556}") = "HolisticWare.Core.Linq.NetStandard10", "HolisticWare.Core.Linq.NetStandard10\HolisticWare.Core.Linq.NetStandard10.csproj", "{D01F9C50-609D-48C7-A5A5-F1ABB797E249}"
EndProject
Global
	GlobalSection(SharedMSBuildProjectFiles) = preSolution
		HolisticWare.Core.Linq\HolisticWare.Core.Linq.projitems*{57b0eb28-7b4e-410d-b021-0dc9d719c11f}*SharedItemsImports = 13
	EndGlobalSection
	GlobalSection(SolutionConfigurationPlatforms) = preSolution
		Debug|Any CPU = Debug|Any CPU
		Release|Any CPU = Release|Any CPU
	EndGlobalSection
	GlobalSection(ProjectConfigurationPlatforms) = postSolution
		{C7AC153E-49ED-4B1D-95B4-A02916A1470D}.Debug|Any CPU.ActiveCfg = Debug|Any CPU
		{C7AC153E-49ED-4B1D-95B4-A02916A1470D}.Debug|Any CPU.Build.0 = Debug|Any CPU
		{C7AC153E-49ED-4B1D-95B4-A02916A1470D}.Release|Any CPU.ActiveCfg = Release|Any CPU
		{C7AC153E-49ED-4B1D-95B4-A02916A1470D}.Release|Any CPU.Build.0 = Release|Any CPU
		{D01F9C50-609D-48C7-A5A5-F1ABB797E249}.Debug|Any CPU.ActiveCfg = Debug|Any CPU
		{D01F9C50-609D-48C7-A5A5-F1ABB797E249}.Debug|Any CPU.Build.0 = Debug|Any CPU
		{D01F9C50-609D-48C7-A5A5-F1ABB797E249}.Release|Any CPU.ActiveCfg = Release|Any CPU
		{D01F9C50-609D-48C7-A5A5-F1ABB797E249}.Release|Any CPU.Build.0 = Release|Any CPU
	EndGlobalSection
	GlobalSection(SolutionProperties) = preSolution
		HideSolutionNode = FALSE
	EndGlobalSection
	GlobalSection(ExtensibilityGlobals) = postSolution
		SolutionGuid = {D407CCD4-3E13-4090-84BA-9DE5B3A8F357}
	EndGlobalSection
EndGlobal
